
Microsoft Visual Studio Solution File, Format Version 12.00
# Visual Studio Version 17
VisualStudioVersion = 17.9.34616.47
MinimumVisualStudioVersion = 10.0.40219.1
Project("{9A19103F-16F7-4668-BE54-9A1E7A4F7556}") = "CollegeWebApplication", "CollegeWebApplication.csproj", "{9124EC8B-06E8-4A64-BDF6-034AA52B7570}"
EndProject
Global
	GlobalSection(SolutionConfigurationPlatforms) = preSolution
		Debug|Any CPU = Debug|Any CPU
		Release|Any CPU = Release|Any CPU
	EndGlobalSection
	GlobalSection(ProjectConfigurationPlatforms) = postSolution
		{9124EC8B-06E8-4A64-BDF6-034AA52B7570}.Debug|Any CPU.ActiveCfg = Debug|Any CPU
		{9124EC8B-06E8-4A64-BDF6-034AA52B7570}.Debug|Any CPU.Build.0 = Debug|Any CPU
		{9124EC8B-06E8-4A64-BDF6-034AA52B7570}.Release|Any CPU.ActiveCfg = Release|Any CPU
		{9124EC8B-06E8-4A64-BDF6-034AA52B7570}.Release|Any CPU.Build.0 = Release|Any CPU
	EndGlobalSection
	GlobalSection(SolutionProperties) = preSolution
		HideSolutionNode = FALSE
	EndGlobalSection
	GlobalSection(ExtensibilityGlobals) = postSolution
		SolutionGuid = {2C88D071-4BB1-494A-ACBF-13CECAC2213A}
	EndGlobalSection
EndGlobal
